
Microsoft Visual Studio Solution File, Format Version 12.00
# Visual Studio 15
Project("{FAE04EC0-301F-11D3-BF4B-00C04F79EFBC}") = "Ex1", "Ex1\Ex1.csproj", "{AC1FA127-0502-4037-BF37-D1F5316BA7FD}"
EndProject
Global
	GlobalSection(SolutionConfigurationPlatforms) = preSolution
		Debug|Any CPU = Debug|Any CPU
		Release|Any CPU = Release|Any CPU
	EndGlobalSection
	GlobalSection(ProjectConfigurationPlatforms) = postSolution
		{AC1FA127-0502-4037-BF37-D1F5316BA7FD}.Debug|Any CPU.ActiveCfg = Debug|Any CPU
		{AC1FA127-0502-4037-BF37-D1F5316BA7FD}.Debug|Any CPU.Build.0 = Debug|Any CPU
		{AC1FA127-0502-4037-BF37-D1F5316BA7FD}.Release|Any CPU.ActiveCfg = Release|Any CPU
		{AC1FA127-0502-4037-BF37-D1F5316BA7FD}.Release|Any CPU.Build.0 = Release|Any CPU
	EndGlobalSection
EndGlobal
