
Microsoft Visual Studio Solution File, Format Version 12.00
# Visual Studio 15
Project("{FAE04EC0-301F-11D3-BF4B-00C04F79EFBC}") = "Example2", "Example2\Example2.csproj", "{2E4800CA-F541-4ED4-B194-B860D9F1AD91}"
EndProject
Global
	GlobalSection(SolutionConfigurationPlatforms) = preSolution
		Debug|Any CPU = Debug|Any CPU
		Release|Any CPU = Release|Any CPU
	EndGlobalSection
	GlobalSection(ProjectConfigurationPlatforms) = postSolution
		{2E4800CA-F541-4ED4-B194-B860D9F1AD91}.Debug|Any CPU.ActiveCfg = Debug|Any CPU
		{2E4800CA-F541-4ED4-B194-B860D9F1AD91}.Debug|Any CPU.Build.0 = Debug|Any CPU
		{2E4800CA-F541-4ED4-B194-B860D9F1AD91}.Release|Any CPU.ActiveCfg = Release|Any CPU
		{2E4800CA-F541-4ED4-B194-B860D9F1AD91}.Release|Any CPU.Build.0 = Release|Any CPU
	EndGlobalSection
EndGlobal
