
Microsoft Visual Studio Solution File, Format Version 12.00
# Visual Studio 15
Project("{FAE04EC0-301F-11D3-BF4B-00C04F79EFBC}") = "ExStatic", "ExStatic\ExStatic.csproj", "{B710EF53-FD4C-4D90-9AAE-1307D4F8491C}"
EndProject
Global
	GlobalSection(SolutionConfigurationPlatforms) = preSolution
		Debug|Any CPU = Debug|Any CPU
		Release|Any CPU = Release|Any CPU
	EndGlobalSection
	GlobalSection(ProjectConfigurationPlatforms) = postSolution
		{B710EF53-FD4C-4D90-9AAE-1307D4F8491C}.Debug|Any CPU.ActiveCfg = Debug|Any CPU
		{B710EF53-FD4C-4D90-9AAE-1307D4F8491C}.Debug|Any CPU.Build.0 = Debug|Any CPU
		{B710EF53-FD4C-4D90-9AAE-1307D4F8491C}.Release|Any CPU.ActiveCfg = Release|Any CPU
		{B710EF53-FD4C-4D90-9AAE-1307D4F8491C}.Release|Any CPU.Build.0 = Release|Any CPU
	EndGlobalSection
EndGlobal
